// !$*UTF8*$!
{
	archiveVersion = 1;
	classes = {
	};
	objectVersion = 50;
	objects = {

/* Begin PBXBuildFile section */
		C484D9EBB306183AD9CF0FE5 /* Pods_FunClub.framework in Frameworks */ = {isa = PBXBuildFile; fileRef = 46D7008DA00DB7FE1C98B109 /* Pods_FunClub.framework */; };
		FA8325292241559C009FB562 /* AppDelegate.swift in Sources */ = {isa = PBXBuildFile; fileRef = FA8325282241559C009FB562 /* AppDelegate.swift */; };
		FA832530224155A1009FB562 /* Assets.xcassets in Resources */ = {isa = PBXBuildFile; fileRef = FA83252F224155A1009FB562 /* Assets.xcassets */; };
		FA832533224155A1009FB562 /* LaunchScreen.storyboard in Resources */ = {isa = PBXBuildFile; fileRef = FA832531224155A1009FB562 /* LaunchScreen.storyboard */; };
		FA83253E224155A1009FB562 /* FunClubTests.swift in Sources */ = {isa = PBXBuildFile; fileRef = FA83253D224155A1009FB562 /* FunClubTests.swift */; };
		FA83254C224160F4009FB562 /* MediaListViewController.swift in Sources */ = {isa = PBXBuildFile; fileRef = FA83254B224160F4009FB562 /* MediaListViewController.swift */; };
		FA83254E22416105009FB562 /* MediaListViewController.xib in Resources */ = {isa = PBXBuildFile; fileRef = FA83254D22416105009FB562 /* MediaListViewController.xib */; };
		FA8325512241620F009FB562 /* AppRouter.swift in Sources */ = {isa = PBXBuildFile; fileRef = FA8325502241620F009FB562 /* AppRouter.swift */; };
		FA8325532241621C009FB562 /* AppContainer.swift in Sources */ = {isa = PBXBuildFile; fileRef = FA8325522241621C009FB562 /* AppContainer.swift */; };
		FA8325552241626F009FB562 /* MediaListBuilder.swift in Sources */ = {isa = PBXBuildFile; fileRef = FA8325542241626F009FB562 /* MediaListBuilder.swift */; };
		FA8325582241A6AB009FB562 /* Service.swift in Sources */ = {isa = PBXBuildFile; fileRef = FA8325572241A6AB009FB562 /* Service.swift */; };
		FA83255A2241A6CB009FB562 /* ServiceProtocol.swift in Sources */ = {isa = PBXBuildFile; fileRef = FA8325592241A6CB009FB562 /* ServiceProtocol.swift */; };
		FA83255E2241A707009FB562 /* AppConstants.swift in Sources */ = {isa = PBXBuildFile; fileRef = FA83255D2241A707009FB562 /* AppConstants.swift */; };
		FA8325602241A8FE009FB562 /* DataSourceProtocol.swift in Sources */ = {isa = PBXBuildFile; fileRef = FA83255F2241A8FE009FB562 /* DataSourceProtocol.swift */; };
		FA8325632241ABD6009FB562 /* SearchResponse.swift in Sources */ = {isa = PBXBuildFile; fileRef = FA8325622241ABD6009FB562 /* SearchResponse.swift */; };
		FA8325652241ABE4009FB562 /* SearchRequest.swift in Sources */ = {isa = PBXBuildFile; fileRef = FA8325642241ABE4009FB562 /* SearchRequest.swift */; };
		FA8325692241AC7B009FB562 /* Media.swift in Sources */ = {isa = PBXBuildFile; fileRef = FA8325682241AC7B009FB562 /* Media.swift */; };
		FA83256B2241B024009FB562 /* ItunesDataSource.swift in Sources */ = {isa = PBXBuildFile; fileRef = FA83256A2241B024009FB562 /* ItunesDataSource.swift */; };
		FA83257022426FA7009FB562 /* MediaListCollectionViewCell.swift in Sources */ = {isa = PBXBuildFile; fileRef = FA83256F22426FA7009FB562 /* MediaListCollectionViewCell.swift */; };
		FA83257222426FC8009FB562 /* MediaListCollectionViewCell.xib in Resources */ = {isa = PBXBuildFile; fileRef = FA83257122426FC8009FB562 /* MediaListCollectionViewCell.xib */; };
		FA83257422426FF4009FB562 /* MediaListViewModel.swift in Sources */ = {isa = PBXBuildFile; fileRef = FA83257322426FF4009FB562 /* MediaListViewModel.swift */; };
		FA83257622427099009FB562 /* MediaListContract.swift in Sources */ = {isa = PBXBuildFile; fileRef = FA83257522427099009FB562 /* MediaListContract.swift */; };
		FA83257F22459462009FB562 /* CheckInternet.swift in Sources */ = {isa = PBXBuildFile; fileRef = FA83257E22459462009FB562 /* CheckInternet.swift */; };
		FA8325822245ACB4009FB562 /* UICollectionViewCellExtensions.swift in Sources */ = {isa = PBXBuildFile; fileRef = FA8325812245ACB4009FB562 /* UICollectionViewCellExtensions.swift */; };
		FA8325842245ACCD009FB562 /* UICollectionViewExtensions.swift in Sources */ = {isa = PBXBuildFile; fileRef = FA8325832245ACCC009FB562 /* UICollectionViewExtensions.swift */; };
		FA8325862245AD0D009FB562 /* UIImageViewExtensions.swift in Sources */ = {isa = PBXBuildFile; fileRef = FA8325852245AD0D009FB562 /* UIImageViewExtensions.swift */; };
		FA8325882246B6B9009FB562 /* MediaDetailViewController.swift in Sources */ = {isa = PBXBuildFile; fileRef = FA8325872246B6B9009FB562 /* MediaDetailViewController.swift */; };
		FA83258A2246B6D1009FB562 /* MediaDetailViewModel.swift in Sources */ = {isa = PBXBuildFile; fileRef = FA8325892246B6D1009FB562 /* MediaDetailViewModel.swift */; };
		FA83258C2246B6E2009FB562 /* MediaDetailBuilder.swift in Sources */ = {isa = PBXBuildFile; fileRef = FA83258B2246B6E2009FB562 /* MediaDetailBuilder.swift */; };
		FA83258E2246B712009FB562 /* MediaDetailContract.swift in Sources */ = {isa = PBXBuildFile; fileRef = FA83258D2246B712009FB562 /* MediaDetailContract.swift */; };
		FA8325932246B768009FB562 /* MediaDetailViewController.xib in Resources */ = {isa = PBXBuildFile; fileRef = FA8325922246B768009FB562 /* MediaDetailViewController.xib */; };
		FA8325992246BEA2009FB562 /* UITableViewExtensions.swift in Sources */ = {isa = PBXBuildFile; fileRef = FA8325982246BEA2009FB562 /* UITableViewExtensions.swift */; };
		FA83259B2246BEB9009FB562 /* UITableViewCellExtensions.swift in Sources */ = {isa = PBXBuildFile; fileRef = FA83259A2246BEB9009FB562 /* UITableViewCellExtensions.swift */; };
		FA83259D2246E08D009FB562 /* ItunesUtility.swift in Sources */ = {isa = PBXBuildFile; fileRef = FA83259C2246E08D009FB562 /* ItunesUtility.swift */; };
		FA8325A02246F552009FB562 /* MediaDetailTableViewCell.swift in Sources */ = {isa = PBXBuildFile; fileRef = FA83259F2246F552009FB562 /* MediaDetailTableViewCell.swift */; };
		FA8325A22246F566009FB562 /* MediaDetailTableViewCell.xib in Resources */ = {isa = PBXBuildFile; fileRef = FA8325A12246F566009FB562 /* MediaDetailTableViewCell.xib */; };
		FB0FD7118C332D4CF1EF79C8 /* Pods_FunClubTests.framework in Frameworks */ = {isa = PBXBuildFile; fileRef = 141BE9159D20C735B755AF83 /* Pods_FunClubTests.framework */; };
/* End PBXBuildFile section */

/* Begin PBXContainerItemProxy section */
		FA83253A224155A1009FB562 /* PBXContainerItemProxy */ = {
			isa = PBXContainerItemProxy;
			containerPortal = FA83251D2241559C009FB562 /* Project object */;
			proxyType = 1;
			remoteGlobalIDString = FA8325242241559C009FB562;
			remoteInfo = FunClub;
		};
/* End PBXContainerItemProxy section */

/* Begin PBXFileReference section */
		141BE9159D20C735B755AF83 /* Pods_FunClubTests.framework */ = {isa = PBXFileReference; explicitFileType = wrapper.framework; includeInIndex = 0; path = Pods_FunClubTests.framework; sourceTree = BUILT_PRODUCTS_DIR; };
		46D7008DA00DB7FE1C98B109 /* Pods_FunClub.framework */ = {isa = PBXFileReference; explicitFileType = wrapper.framework; includeInIndex = 0; path = Pods_FunClub.framework; sourceTree = BUILT_PRODUCTS_DIR; };
		7B2B49CED266AC4010D8E88C /* Pods-FunClub.release.xcconfig */ = {isa = PBXFileReference; includeInIndex = 1; lastKnownFileType = text.xcconfig; name = "Pods-FunClub.release.xcconfig"; path = "Pods/Target Support Files/Pods-FunClub/Pods-FunClub.release.xcconfig"; sourceTree = "<group>"; };
		7ED47496CD0167896C51DEC2 /* Pods-FunClubTests.debug.xcconfig */ = {isa = PBXFileReference; includeInIndex = 1; lastKnownFileType = text.xcconfig; name = "Pods-FunClubTests.debug.xcconfig"; path = "Pods/Target Support Files/Pods-FunClubTests/Pods-FunClubTests.debug.xcconfig"; sourceTree = "<group>"; };
		B6133215F30EB75FCF1296AC /* Pods-FunClub.debug.xcconfig */ = {isa = PBXFileReference; includeInIndex = 1; lastKnownFileType = text.xcconfig; name = "Pods-FunClub.debug.xcconfig"; path = "Pods/Target Support Files/Pods-FunClub/Pods-FunClub.debug.xcconfig"; sourceTree = "<group>"; };
		F82E91E73E94DAFBE5E5F63D /* Pods-FunClubTests.release.xcconfig */ = {isa = PBXFileReference; includeInIndex = 1; lastKnownFileType = text.xcconfig; name = "Pods-FunClubTests.release.xcconfig"; path = "Pods/Target Support Files/Pods-FunClubTests/Pods-FunClubTests.release.xcconfig"; sourceTree = "<group>"; };
		FA8325252241559C009FB562 /* FunClub.app */ = {isa = PBXFileReference; explicitFileType = wrapper.application; includeInIndex = 0; path = FunClub.app; sourceTree = BUILT_PRODUCTS_DIR; };
		FA8325282241559C009FB562 /* AppDelegate.swift */ = {isa = PBXFileReference; lastKnownFileType = sourcecode.swift; path = AppDelegate.swift; sourceTree = "<group>"; };
		FA83252F224155A1009FB562 /* Assets.xcassets */ = {isa = PBXFileReference; lastKnownFileType = folder.assetcatalog; path = Assets.xcassets; sourceTree = "<group>"; };
		FA832532224155A1009FB562 /* Base */ = {isa = PBXFileReference; lastKnownFileType = file.storyboard; name = Base; path = Base.lproj/LaunchScreen.storyboard; sourceTree = "<group>"; };
		FA832534224155A1009FB562 /* Info.plist */ = {isa = PBXFileReference; lastKnownFileType = text.plist.xml; path = Info.plist; sourceTree = "<group>"; };
		FA832539224155A1009FB562 /* FunClubTests.xctest */ = {isa = PBXFileReference; explicitFileType = wrapper.cfbundle; includeInIndex = 0; path = FunClubTests.xctest; sourceTree = BUILT_PRODUCTS_DIR; };
		FA83253D224155A1009FB562 /* FunClubTests.swift */ = {isa = PBXFileReference; lastKnownFileType = sourcecode.swift; path = FunClubTests.swift; sourceTree = "<group>"; };
		FA83253F224155A1009FB562 /* Info.plist */ = {isa = PBXFileReference; lastKnownFileType = text.plist.xml; path = Info.plist; sourceTree = "<group>"; };
		FA83254B224160F4009FB562 /* MediaListViewController.swift */ = {isa = PBXFileReference; lastKnownFileType = sourcecode.swift; path = MediaListViewController.swift; sourceTree = "<group>"; };
		FA83254D22416105009FB562 /* MediaListViewController.xib */ = {isa = PBXFileReference; lastKnownFileType = file.xib; path = MediaListViewController.xib; sourceTree = "<group>"; };
		FA8325502241620F009FB562 /* AppRouter.swift */ = {isa = PBXFileReference; lastKnownFileType = sourcecode.swift; path = AppRouter.swift; sourceTree = "<group>"; };
		FA8325522241621C009FB562 /* AppContainer.swift */ = {isa = PBXFileReference; lastKnownFileType = sourcecode.swift; path = AppContainer.swift; sourceTree = "<group>"; };
		FA8325542241626F009FB562 /* MediaListBuilder.swift */ = {isa = PBXFileReference; lastKnownFileType = sourcecode.swift; path = MediaListBuilder.swift; sourceTree = "<group>"; };
		FA8325572241A6AB009FB562 /* Service.swift */ = {isa = PBXFileReference; lastKnownFileType = sourcecode.swift; path = Service.swift; sourceTree = "<group>"; };
		FA8325592241A6CB009FB562 /* ServiceProtocol.swift */ = {isa = PBXFileReference; lastKnownFileType = sourcecode.swift; path = ServiceProtocol.swift; sourceTree = "<group>"; };
		FA83255D2241A707009FB562 /* AppConstants.swift */ = {isa = PBXFileReference; lastKnownFileType = sourcecode.swift; path = AppConstants.swift; sourceTree = "<group>"; };
		FA83255F2241A8FE009FB562 /* DataSourceProtocol.swift */ = {isa = PBXFileReference; lastKnownFileType = sourcecode.swift; path = DataSourceProtocol.swift; sourceTree = "<group>"; };
		FA8325622241ABD6009FB562 /* SearchResponse.swift */ = {isa = PBXFileReference; lastKnownFileType = sourcecode.swift; path = SearchResponse.swift; sourceTree = "<group>"; };
		FA8325642241ABE4009FB562 /* SearchRequest.swift */ = {isa = PBXFileReference; lastKnownFileType = sourcecode.swift; path = SearchRequest.swift; sourceTree = "<group>"; };
		FA8325682241AC7B009FB562 /* Media.swift */ = {isa = PBXFileReference; lastKnownFileType = sourcecode.swift; path = Media.swift; sourceTree = "<group>"; };
		FA83256A2241B024009FB562 /* ItunesDataSource.swift */ = {isa = PBXFileReference; lastKnownFileType = sourcecode.swift; path = ItunesDataSource.swift; sourceTree = "<group>"; };
		FA83256F22426FA7009FB562 /* MediaListCollectionViewCell.swift */ = {isa = PBXFileReference; lastKnownFileType = sourcecode.swift; path = MediaListCollectionViewCell.swift; sourceTree = "<group>"; };
		FA83257122426FC8009FB562 /* MediaListCollectionViewCell.xib */ = {isa = PBXFileReference; lastKnownFileType = file.xib; path = MediaListCollectionViewCell.xib; sourceTree = "<group>"; };
		FA83257322426FF4009FB562 /* MediaListViewModel.swift */ = {isa = PBXFileReference; lastKnownFileType = sourcecode.swift; path = MediaListViewModel.swift; sourceTree = "<group>"; };
		FA83257522427099009FB562 /* MediaListContract.swift */ = {isa = PBXFileReference; lastKnownFileType = sourcecode.swift; path = MediaListContract.swift; sourceTree = "<group>"; };
		FA83257E22459462009FB562 /* CheckInternet.swift */ = {isa = PBXFileReference; lastKnownFileType = sourcecode.swift; path = CheckInternet.swift; sourceTree = "<group>"; };
		FA8325812245ACB4009FB562 /* UICollectionViewCellExtensions.swift */ = {isa = PBXFileReference; lastKnownFileType = sourcecode.swift; path = UICollectionViewCellExtensions.swift; sourceTree = "<group>"; };
		FA8325832245ACCC009FB562 /* UICollectionViewExtensions.swift */ = {isa = PBXFileReference; lastKnownFileType = sourcecode.swift; path = UICollectionViewExtensions.swift; sourceTree = "<group>"; };
		FA8325852245AD0D009FB562 /* UIImageViewExtensions.swift */ = {isa = PBXFileReference; lastKnownFileType = sourcecode.swift; path = UIImageViewExtensions.swift; sourceTree = "<group>"; };
		FA8325872246B6B9009FB562 /* MediaDetailViewController.swift */ = {isa = PBXFileReference; lastKnownFileType = sourcecode.swift; path = MediaDetailViewController.swift; sourceTree = "<group>"; };
		FA8325892246B6D1009FB562 /* MediaDetailViewModel.swift */ = {isa = PBXFileReference; lastKnownFileType = sourcecode.swift; path = MediaDetailViewModel.swift; sourceTree = "<group>"; };
		FA83258B2246B6E2009FB562 /* MediaDetailBuilder.swift */ = {isa = PBXFileReference; lastKnownFileType = sourcecode.swift; path = MediaDetailBuilder.swift; sourceTree = "<group>"; };
		FA83258D2246B712009FB562 /* MediaDetailContract.swift */ = {isa = PBXFileReference; lastKnownFileType = sourcecode.swift; path = MediaDetailContract.swift; sourceTree = "<group>"; };
		FA8325922246B768009FB562 /* MediaDetailViewController.xib */ = {isa = PBXFileReference; lastKnownFileType = file.xib; path = MediaDetailViewController.xib; sourceTree = "<group>"; };
		FA8325982246BEA2009FB562 /* UITableViewExtensions.swift */ = {isa = PBXFileReference; lastKnownFileType = sourcecode.swift; path = UITableViewExtensions.swift; sourceTree = "<group>"; };
		FA83259A2246BEB9009FB562 /* UITableViewCellExtensions.swift */ = {isa = PBXFileReference; lastKnownFileType = sourcecode.swift; path = UITableViewCellExtensions.swift; sourceTree = "<group>"; };
		FA83259C2246E08D009FB562 /* ItunesUtility.swift */ = {isa = PBXFileReference; lastKnownFileType = sourcecode.swift; path = ItunesUtility.swift; sourceTree = "<group>"; };
		FA83259F2246F552009FB562 /* MediaDetailTableViewCell.swift */ = {isa = PBXFileReference; lastKnownFileType = sourcecode.swift; path = MediaDetailTableViewCell.swift; sourceTree = "<group>"; };
		FA8325A12246F566009FB562 /* MediaDetailTableViewCell.xib */ = {isa = PBXFileReference; lastKnownFileType = file.xib; path = MediaDetailTableViewCell.xib; sourceTree = "<group>"; };
/* End PBXFileReference section */

/* Begin PBXFrameworksBuildPhase section */
		FA8325222241559C009FB562 /* Frameworks */ = {
			isa = PBXFrameworksBuildPhase;
			buildActionMask = 2147483647;
			files = (
				C484D9EBB306183AD9CF0FE5 /* Pods_FunClub.framework in Frameworks */,
			);
			runOnlyForDeploymentPostprocessing = 0;
		};
		FA832536224155A1009FB562 /* Frameworks */ = {
			isa = PBXFrameworksBuildPhase;
			buildActionMask = 2147483647;
			files = (
				FB0FD7118C332D4CF1EF79C8 /* Pods_FunClubTests.framework in Frameworks */,
			);
			runOnlyForDeploymentPostprocessing = 0;
		};
/* End PBXFrameworksBuildPhase section */

/* Begin PBXGroup section */
		4E2B8AABD1D4B264378A628A /* Pods */ = {
			isa = PBXGroup;
			children = (
				B6133215F30EB75FCF1296AC /* Pods-FunClub.debug.xcconfig */,
				7B2B49CED266AC4010D8E88C /* Pods-FunClub.release.xcconfig */,
				7ED47496CD0167896C51DEC2 /* Pods-FunClubTests.debug.xcconfig */,
				F82E91E73E94DAFBE5E5F63D /* Pods-FunClubTests.release.xcconfig */,
			);
			name = Pods;
			sourceTree = "<group>";
		};
		5BB37B7063F5014CC439D4B5 /* Frameworks */ = {
			isa = PBXGroup;
			children = (
				46D7008DA00DB7FE1C98B109 /* Pods_FunClub.framework */,
				141BE9159D20C735B755AF83 /* Pods_FunClubTests.framework */,
			);
			name = Frameworks;
			sourceTree = "<group>";
		};
		FA83251C2241559C009FB562 = {
			isa = PBXGroup;
			children = (
				FA8325272241559C009FB562 /* FunClub */,
				FA83253C224155A1009FB562 /* FunClubTests */,
				FA8325262241559C009FB562 /* Products */,
				4E2B8AABD1D4B264378A628A /* Pods */,
				5BB37B7063F5014CC439D4B5 /* Frameworks */,
			);
			sourceTree = "<group>";
		};
		FA8325262241559C009FB562 /* Products */ = {
			isa = PBXGroup;
			children = (
				FA8325252241559C009FB562 /* FunClub.app */,
				FA832539224155A1009FB562 /* FunClubTests.xctest */,
			);
			name = Products;
			sourceTree = "<group>";
		};
		FA8325272241559C009FB562 /* FunClub */ = {
			isa = PBXGroup;
			children = (
				FA8325662241AC5B009FB562 /* API */,
				FA83255B2241A6EA009FB562 /* Commons */,
				FA83254F224161CC009FB562 /* App */,
				FA832548224160C2009FB562 /* Scenes */,
				FA83252F224155A1009FB562 /* Assets.xcassets */,
				FA832531224155A1009FB562 /* LaunchScreen.storyboard */,
				FA832534224155A1009FB562 /* Info.plist */,
			);
			path = FunClub;
			sourceTree = "<group>";
		};
		FA83253C224155A1009FB562 /* FunClubTests */ = {
			isa = PBXGroup;
			children = (
				FA83253D224155A1009FB562 /* FunClubTests.swift */,
				FA83253F224155A1009FB562 /* Info.plist */,
			);
			path = FunClubTests;
			sourceTree = "<group>";
		};
		FA832548224160C2009FB562 /* Scenes */ = {
			isa = PBXGroup;
			children = (
				FA832549224160CB009FB562 /* MediaList */,
				FA83254A224160DB009FB562 /* MediaDetail */,
			);
			path = Scenes;
			sourceTree = "<group>";
		};
		FA832549224160CB009FB562 /* MediaList */ = {
			isa = PBXGroup;
			children = (
				FA83257522427099009FB562 /* MediaListContract.swift */,
				FA8325542241626F009FB562 /* MediaListBuilder.swift */,
				FA83256D22426F4A009FB562 /* ViewModel */,
				FA83256C22426F3F009FB562 /* View */,
			);
			path = MediaList;
			sourceTree = "<group>";
		};
		FA83254A224160DB009FB562 /* MediaDetail */ = {
			isa = PBXGroup;
			children = (
				FA83258D2246B712009FB562 /* MediaDetailContract.swift */,
				FA83258B2246B6E2009FB562 /* MediaDetailBuilder.swift */,
				FA8325902246B72C009FB562 /* ViewModel */,
				FA83258F2246B71E009FB562 /* View */,
			);
			path = MediaDetail;
			sourceTree = "<group>";
		};
		FA83254F224161CC009FB562 /* App */ = {
			isa = PBXGroup;
			children = (
				FA8325282241559C009FB562 /* AppDelegate.swift */,
				FA8325502241620F009FB562 /* AppRouter.swift */,
				FA8325522241621C009FB562 /* AppContainer.swift */,
			);
			path = App;
			sourceTree = "<group>";
		};
		FA8325562241A692009FB562 /* Network */ = {
			isa = PBXGroup;
			children = (
				FA8325612241AB9D009FB562 /* Model */,
				FA8325572241A6AB009FB562 /* Service.swift */,
				FA8325592241A6CB009FB562 /* ServiceProtocol.swift */,
				FA83255F2241A8FE009FB562 /* DataSourceProtocol.swift */,
				FA83256A2241B024009FB562 /* ItunesDataSource.swift */,
			);
			path = Network;
			sourceTree = "<group>";
		};
		FA83255B2241A6EA009FB562 /* Commons */ = {
			isa = PBXGroup;
			children = (
				FA8325802245AC83009FB562 /* Extensions */,
				FA83257D22459446009FB562 /* Utilities */,
				FA83255C2241A6F4009FB562 /* Constants */,
			);
			path = Commons;
			sourceTree = "<group>";
		};
		FA83255C2241A6F4009FB562 /* Constants */ = {
			isa = PBXGroup;
			children = (
				FA83255D2241A707009FB562 /* AppConstants.swift */,
			);
			path = Constants;
			sourceTree = "<group>";
		};
		FA8325612241AB9D009FB562 /* Model */ = {
			isa = PBXGroup;
			children = (
				FA8325642241ABE4009FB562 /* SearchRequest.swift */,
				FA8325622241ABD6009FB562 /* SearchResponse.swift */,
			);
			path = Model;
			sourceTree = "<group>";
		};
		FA8325662241AC5B009FB562 /* API */ = {
			isa = PBXGroup;
			children = (
				FA8325672241AC66009FB562 /* Model */,
				FA8325562241A692009FB562 /* Network */,
			);
			path = API;
			sourceTree = "<group>";
		};
		FA8325672241AC66009FB562 /* Model */ = {
			isa = PBXGroup;
			children = (
				FA8325682241AC7B009FB562 /* Media.swift */,
			);
			path = Model;
			sourceTree = "<group>";
		};
		FA83256C22426F3F009FB562 /* View */ = {
			isa = PBXGroup;
			children = (
				FA83254B224160F4009FB562 /* MediaListViewController.swift */,
				FA83254D22416105009FB562 /* MediaListViewController.xib */,
				FA83256E22426F75009FB562 /* Cell */,
			);
			path = View;
			sourceTree = "<group>";
		};
		FA83256D22426F4A009FB562 /* ViewModel */ = {
			isa = PBXGroup;
			children = (
				FA83257322426FF4009FB562 /* MediaListViewModel.swift */,
			);
			path = ViewModel;
			sourceTree = "<group>";
		};
		FA83256E22426F75009FB562 /* Cell */ = {
			isa = PBXGroup;
			children = (
				FA83256F22426FA7009FB562 /* MediaListCollectionViewCell.swift */,
				FA83257122426FC8009FB562 /* MediaListCollectionViewCell.xib */,
			);
			path = Cell;
			sourceTree = "<group>";
		};
		FA83257D22459446009FB562 /* Utilities */ = {
			isa = PBXGroup;
			children = (
				FA83257E22459462009FB562 /* CheckInternet.swift */,
				FA83259C2246E08D009FB562 /* ItunesUtility.swift */,
			);
			path = Utilities;
			sourceTree = "<group>";
		};
		FA8325802245AC83009FB562 /* Extensions */ = {
			isa = PBXGroup;
			children = (
				FA8325812245ACB4009FB562 /* UICollectionViewCellExtensions.swift */,
				FA8325832245ACCC009FB562 /* UICollectionViewExtensions.swift */,
				FA8325852245AD0D009FB562 /* UIImageViewExtensions.swift */,
				FA8325982246BEA2009FB562 /* UITableViewExtensions.swift */,
				FA83259A2246BEB9009FB562 /* UITableViewCellExtensions.swift */,
			);
			path = Extensions;
			sourceTree = "<group>";
		};
		FA83258F2246B71E009FB562 /* View */ = {
			isa = PBXGroup;
			children = (
				FA8325872246B6B9009FB562 /* MediaDetailViewController.swift */,
				FA8325922246B768009FB562 /* MediaDetailViewController.xib */,
				FA83259E2246F537009FB562 /* Cell */,
			);
			path = View;
			sourceTree = "<group>";
		};
		FA8325902246B72C009FB562 /* ViewModel */ = {
			isa = PBXGroup;
			children = (
				FA8325892246B6D1009FB562 /* MediaDetailViewModel.swift */,
			);
			path = ViewModel;
			sourceTree = "<group>";
		};
		FA83259E2246F537009FB562 /* Cell */ = {
			isa = PBXGroup;
			children = (
				FA83259F2246F552009FB562 /* MediaDetailTableViewCell.swift */,
				FA8325A12246F566009FB562 /* MediaDetailTableViewCell.xib */,
			);
			path = Cell;
			sourceTree = "<group>";
		};
/* End PBXGroup section */

/* Begin PBXNativeTarget section */
		FA8325242241559C009FB562 /* FunClub */ = {
			isa = PBXNativeTarget;
			buildConfigurationList = FA832542224155A1009FB562 /* Build configuration list for PBXNativeTarget "FunClub" */;
			buildPhases = (
				682F6F24E9A06C0749E62D83 /* [CP] Check Pods Manifest.lock */,
				FA8325212241559C009FB562 /* Sources */,
				FA8325222241559C009FB562 /* Frameworks */,
				FA8325232241559C009FB562 /* Resources */,
				9148EC7831FBB21554A68928 /* [CP] Embed Pods Frameworks */,
			);
			buildRules = (
			);
			dependencies = (
			);
			name = FunClub;
			productName = FunClub;
			productReference = FA8325252241559C009FB562 /* FunClub.app */;
			productType = "com.apple.product-type.application";
		};
		FA832538224155A1009FB562 /* FunClubTests */ = {
			isa = PBXNativeTarget;
			buildConfigurationList = FA832545224155A1009FB562 /* Build configuration list for PBXNativeTarget "FunClubTests" */;
			buildPhases = (
				2D0DAA36578182F46507AE63 /* [CP] Check Pods Manifest.lock */,
				FA832535224155A1009FB562 /* Sources */,
				FA832536224155A1009FB562 /* Frameworks */,
				FA832537224155A1009FB562 /* Resources */,
				3DF064CE36DC55EBC8F3E785 /* [CP] Embed Pods Frameworks */,
			);
			buildRules = (
			);
			dependencies = (
				FA83253B224155A1009FB562 /* PBXTargetDependency */,
			);
			name = FunClubTests;
			productName = FunClubTests;
			productReference = FA832539224155A1009FB562 /* FunClubTests.xctest */;
			productType = "com.apple.product-type.bundle.unit-test";
		};
/* End PBXNativeTarget section */

/* Begin PBXProject section */
		FA83251D2241559C009FB562 /* Project object */ = {
			isa = PBXProject;
			attributes = {
				LastSwiftUpdateCheck = 1010;
				LastUpgradeCheck = 1010;
				ORGANIZATIONNAME = gamzerd;
				TargetAttributes = {
					FA8325242241559C009FB562 = {
						CreatedOnToolsVersion = 10.1;
					};
					FA832538224155A1009FB562 = {
						CreatedOnToolsVersion = 10.1;
						TestTargetID = FA8325242241559C009FB562;
					};
				};
			};
			buildConfigurationList = FA8325202241559C009FB562 /* Build configuration list for PBXProject "FunClub" */;
			compatibilityVersion = "Xcode 9.3";
			developmentRegion = en;
			hasScannedForEncodings = 0;
			knownRegions = (
				en,
				Base,
			);
			mainGroup = FA83251C2241559C009FB562;
			productRefGroup = FA8325262241559C009FB562 /* Products */;
			projectDirPath = "";
			projectRoot = "";
			targets = (
				FA8325242241559C009FB562 /* FunClub */,
				FA832538224155A1009FB562 /* FunClubTests */,
			);
		};
/* End PBXProject section */

/* Begin PBXResourcesBuildPhase section */
		FA8325232241559C009FB562 /* Resources */ = {
			isa = PBXResourcesBuildPhase;
			buildActionMask = 2147483647;
			files = (
				FA832533224155A1009FB562 /* LaunchScreen.storyboard in Resources */,
				FA832530224155A1009FB562 /* Assets.xcassets in Resources */,
				FA83257222426FC8009FB562 /* MediaListCollectionViewCell.xib in Resources */,
				FA8325932246B768009FB562 /* MediaDetailViewController.xib in Resources */,
				FA83254E22416105009FB562 /* MediaListViewController.xib in Resources */,
				FA8325A22246F566009FB562 /* MediaDetailTableViewCell.xib in Resources */,
			);
			runOnlyForDeploymentPostprocessing = 0;
		};
		FA832537224155A1009FB562 /* Resources */ = {
			isa = PBXResourcesBuildPhase;
			buildActionMask = 2147483647;
			files = (
			);
			runOnlyForDeploymentPostprocessing = 0;
		};
/* End PBXResourcesBuildPhase section */

/* Begin PBXShellScriptBuildPhase section */
		2D0DAA36578182F46507AE63 /* [CP] Check Pods Manifest.lock */ = {
			isa = PBXShellScriptBuildPhase;
			buildActionMask = 2147483647;
			files = (
			);
			inputFileListPaths = (
			);
			inputPaths = (
				"${PODS_PODFILE_DIR_PATH}/Podfile.lock",
				"${PODS_ROOT}/Manifest.lock",
			);
			name = "[CP] Check Pods Manifest.lock";
			outputFileListPaths = (
			);
			outputPaths = (
				"$(DERIVED_FILE_DIR)/Pods-FunClubTests-checkManifestLockResult.txt",
			);
			runOnlyForDeploymentPostprocessing = 0;
			shellPath = /bin/sh;
			shellScript = "diff \"${PODS_PODFILE_DIR_PATH}/Podfile.lock\" \"${PODS_ROOT}/Manifest.lock\" > /dev/null\nif [ $? != 0 ] ; then\n    # print error to STDERR\n    echo \"error: The sandbox is not in sync with the Podfile.lock. Run 'pod install' or update your CocoaPods installation.\" >&2\n    exit 1\nfi\n# This output is used by Xcode 'outputs' to avoid re-running this script phase.\necho \"SUCCESS\" > \"${SCRIPT_OUTPUT_FILE_0}\"\n";
			showEnvVarsInLog = 0;
		};
		3DF064CE36DC55EBC8F3E785 /* [CP] Embed Pods Frameworks */ = {
			isa = PBXShellScriptBuildPhase;
			buildActionMask = 2147483647;
			files = (
			);
			inputFileListPaths = (
			);
			inputPaths = (
				"${SRCROOT}/Pods/Target Support Files/Pods-FunClubTests/Pods-FunClubTests-frameworks.sh",
				"${BUILT_PRODUCTS_DIR}/RxAtomic/RxAtomic.framework",
				"${BUILT_PRODUCTS_DIR}/RxSwift/RxSwift.framework",
				"${BUILT_PRODUCTS_DIR}/RxBlocking/RxBlocking.framework",
				"${BUILT_PRODUCTS_DIR}/RxTest/RxTest.framework",
			);
			name = "[CP] Embed Pods Frameworks";
			outputFileListPaths = (
			);
			outputPaths = (
				"${TARGET_BUILD_DIR}/${FRAMEWORKS_FOLDER_PATH}/RxAtomic.framework",
				"${TARGET_BUILD_DIR}/${FRAMEWORKS_FOLDER_PATH}/RxSwift.framework",
				"${TARGET_BUILD_DIR}/${FRAMEWORKS_FOLDER_PATH}/RxBlocking.framework",
				"${TARGET_BUILD_DIR}/${FRAMEWORKS_FOLDER_PATH}/RxTest.framework",
			);
			runOnlyForDeploymentPostprocessing = 0;
			shellPath = /bin/sh;
			shellScript = "\"${SRCROOT}/Pods/Target Support Files/Pods-FunClubTests/Pods-FunClubTests-frameworks.sh\"\n";
			showEnvVarsInLog = 0;
		};
		682F6F24E9A06C0749E62D83 /* [CP] Check Pods Manifest.lock */ = {
			isa = PBXShellScriptBuildPhase;
			buildActionMask = 2147483647;
			files = (
			);
			inputFileListPaths = (
			);
			inputPaths = (
				"${PODS_PODFILE_DIR_PATH}/Podfile.lock",
				"${PODS_ROOT}/Manifest.lock",
			);
			name = "[CP] Check Pods Manifest.lock";
			outputFileListPaths = (
			);
			outputPaths = (
				"$(DERIVED_FILE_DIR)/Pods-FunClub-checkManifestLockResult.txt",
			);
			runOnlyForDeploymentPostprocessing = 0;
			shellPath = /bin/sh;
			shellScript = "diff \"${PODS_PODFILE_DIR_PATH}/Podfile.lock\" \"${PODS_ROOT}/Manifest.lock\" > /dev/null\nif [ $? != 0 ] ; then\n    # print error to STDERR\n    echo \"error: The sandbox is not in sync with the Podfile.lock. Run 'pod install' or update your CocoaPods installation.\" >&2\n    exit 1\nfi\n# This output is used by Xcode 'outputs' to avoid re-running this script phase.\necho \"SUCCESS\" > \"${SCRIPT_OUTPUT_FILE_0}\"\n";
			showEnvVarsInLog = 0;
		};
		9148EC7831FBB21554A68928 /* [CP] Embed Pods Frameworks */ = {
			isa = PBXShellScriptBuildPhase;
			buildActionMask = 2147483647;
			files = (
			);
			inputFileListPaths = (
			);
			inputPaths = (
				"${SRCROOT}/Pods/Target Support Files/Pods-FunClub/Pods-FunClub-frameworks.sh",
				"${BUILT_PRODUCTS_DIR}/RxAtomic/RxAtomic.framework",
				"${BUILT_PRODUCTS_DIR}/RxCocoa/RxCocoa.framework",
				"${BUILT_PRODUCTS_DIR}/RxSwift/RxSwift.framework",
			);
			name = "[CP] Embed Pods Frameworks";
			outputFileListPaths = (
			);
			outputPaths = (
				"${TARGET_BUILD_DIR}/${FRAMEWORKS_FOLDER_PATH}/RxAtomic.framework",
				"${TARGET_BUILD_DIR}/${FRAMEWORKS_FOLDER_PATH}/RxCocoa.framework",
				"${TARGET_BUILD_DIR}/${FRAMEWORKS_FOLDER_PATH}/RxSwift.framework",
			);
			runOnlyForDeploymentPostprocessing = 0;
			shellPath = /bin/sh;
			shellScript = "\"${SRCROOT}/Pods/Target Support Files/Pods-FunClub/Pods-FunClub-frameworks.sh\"\n";
			showEnvVarsInLog = 0;
		};
/* End PBXShellScriptBuildPhase section */

/* Begin PBXSourcesBuildPhase section */
		FA8325212241559C009FB562 /* Sources */ = {
			isa = PBXSourcesBuildPhase;
			buildActionMask = 2147483647;
			files = (
				FA8325552241626F009FB562 /* MediaListBuilder.swift in Sources */,
				FA83258C2246B6E2009FB562 /* MediaDetailBuilder.swift in Sources */,
				FA83255E2241A707009FB562 /* AppConstants.swift in Sources */,
				FA8325992246BEA2009FB562 /* UITableViewExtensions.swift in Sources */,
				FA8325822245ACB4009FB562 /* UICollectionViewCellExtensions.swift in Sources */,
				FA83259D2246E08D009FB562 /* ItunesUtility.swift in Sources */,
				FA8325602241A8FE009FB562 /* DataSourceProtocol.swift in Sources */,
				FA8325582241A6AB009FB562 /* Service.swift in Sources */,
				FA8325692241AC7B009FB562 /* Media.swift in Sources */,
				FA83258A2246B6D1009FB562 /* MediaDetailViewModel.swift in Sources */,
				FA83257F22459462009FB562 /* CheckInternet.swift in Sources */,
				FA83257422426FF4009FB562 /* MediaListViewModel.swift in Sources */,
				FA8325512241620F009FB562 /* AppRouter.swift in Sources */,
				FA83256B2241B024009FB562 /* ItunesDataSource.swift in Sources */,
				FA8325632241ABD6009FB562 /* SearchResponse.swift in Sources */,
				FA83257022426FA7009FB562 /* MediaListCollectionViewCell.swift in Sources */,
				FA83255A2241A6CB009FB562 /* ServiceProtocol.swift in Sources */,
				FA8325532241621C009FB562 /* AppContainer.swift in Sources */,
				FA83257622427099009FB562 /* MediaListContract.swift in Sources */,
				FA8325842245ACCD009FB562 /* UICollectionViewExtensions.swift in Sources */,
				FA83259B2246BEB9009FB562 /* UITableViewCellExtensions.swift in Sources */,
				FA8325652241ABE4009FB562 /* SearchRequest.swift in Sources */,
				FA8325292241559C009FB562 /* AppDelegate.swift in Sources */,
				FA8325862245AD0D009FB562 /* UIImageViewExtensions.swift in Sources */,
				FA83258E2246B712009FB562 /* MediaDetailContract.swift in Sources */,
				FA83254C224160F4009FB562 /* MediaListViewController.swift in Sources */,
				FA8325882246B6B9009FB562 /* MediaDetailViewController.swift in Sources */,
				FA8325A02246F552009FB562 /* MediaDetailTableViewCell.swift in Sources */,
			);
			runOnlyForDeploymentPostprocessing = 0;
		};
		FA832535224155A1009FB562 /* Sources */ = {
			isa = PBXSourcesBuildPhase;
			buildActionMask = 2147483647;
			files = (
				FA83253E224155A1009FB562 /* FunClubTests.swift in Sources */,
			);
			runOnlyForDeploymentPostprocessing = 0;
		};
/* End PBXSourcesBuildPhase section */

/* Begin PBXTargetDependency section */
		FA83253B224155A1009FB562 /* PBXTargetDependency */ = {
			isa = PBXTargetDependency;
			target = FA8325242241559C009FB562 /* FunClub */;
			targetProxy = FA83253A224155A1009FB562 /* PBXContainerItemProxy */;
		};
/* End PBXTargetDependency section */

/* Begin PBXVariantGroup section */
		FA832531224155A1009FB562 /* LaunchScreen.storyboard */ = {
			isa = PBXVariantGroup;
			children = (
				FA832532224155A1009FB562 /* Base */,
			);
			name = LaunchScreen.storyboard;
			sourceTree = "<group>";
		};
/* End PBXVariantGroup section */

/* Begin XCBuildConfiguration section */
		FA832540224155A1009FB562 /* Debug */ = {
			isa = XCBuildConfiguration;
			buildSettings = {
				ALWAYS_SEARCH_USER_PATHS = NO;
				CLANG_ANALYZER_NONNULL = YES;
				CLANG_ANALYZER_NUMBER_OBJECT_CONVERSION = YES_AGGRESSIVE;
				CLANG_CXX_LANGUAGE_STANDARD = "gnu++14";
				CLANG_CXX_LIBRARY = "libc++";
				CLANG_ENABLE_MODULES = YES;
				CLANG_ENABLE_OBJC_ARC = YES;
				CLANG_ENABLE_OBJC_WEAK = YES;
				CLANG_WARN_BLOCK_CAPTURE_AUTORELEASING = YES;
				CLANG_WARN_BOOL_CONVERSION = YES;
				CLANG_WARN_COMMA = YES;
				CLANG_WARN_CONSTANT_CONVERSION = YES;
				CLANG_WARN_DEPRECATED_OBJC_IMPLEMENTATIONS = YES;
				CLANG_WARN_DIRECT_OBJC_ISA_USAGE = YES_ERROR;
				CLANG_WARN_DOCUMENTATION_COMMENTS = YES;
				CLANG_WARN_EMPTY_BODY = YES;
				CLANG_WARN_ENUM_CONVERSION = YES;
				CLANG_WARN_INFINITE_RECURSION = YES;
				CLANG_WARN_INT_CONVERSION = YES;
				CLANG_WARN_NON_LITERAL_NULL_CONVERSION = YES;
				CLANG_WARN_OBJC_IMPLICIT_RETAIN_SELF = YES;
				CLANG_WARN_OBJC_LITERAL_CONVERSION = YES;
				CLANG_WARN_OBJC_ROOT_CLASS = YES_ERROR;
				CLANG_WARN_RANGE_LOOP_ANALYSIS = YES;
				CLANG_WARN_STRICT_PROTOTYPES = YES;
				CLANG_WARN_SUSPICIOUS_MOVE = YES;
				CLANG_WARN_UNGUARDED_AVAILABILITY = YES_AGGRESSIVE;
				CLANG_WARN_UNREACHABLE_CODE = YES;
				CLANG_WARN__DUPLICATE_METHOD_MATCH = YES;
				CODE_SIGN_IDENTITY = "iPhone Developer";
				COPY_PHASE_STRIP = NO;
				DEBUG_INFORMATION_FORMAT = dwarf;
				ENABLE_STRICT_OBJC_MSGSEND = YES;
				ENABLE_TESTABILITY = YES;
				GCC_C_LANGUAGE_STANDARD = gnu11;
				GCC_DYNAMIC_NO_PIC = NO;
				GCC_NO_COMMON_BLOCKS = YES;
				GCC_OPTIMIZATION_LEVEL = 0;
				GCC_PREPROCESSOR_DEFINITIONS = (
					"DEBUG=1",
					"$(inherited)",
				);
				GCC_WARN_64_TO_32_BIT_CONVERSION = YES;
				GCC_WARN_ABOUT_RETURN_TYPE = YES_ERROR;
				GCC_WARN_UNDECLARED_SELECTOR = YES;
				GCC_WARN_UNINITIALIZED_AUTOS = YES_AGGRESSIVE;
				GCC_WARN_UNUSED_FUNCTION = YES;
				GCC_WARN_UNUSED_VARIABLE = YES;
				IPHONEOS_DEPLOYMENT_TARGET = 12.1;
				MTL_ENABLE_DEBUG_INFO = INCLUDE_SOURCE;
				MTL_FAST_MATH = YES;
				ONLY_ACTIVE_ARCH = YES;
				SDKROOT = iphoneos;
				SWIFT_ACTIVE_COMPILATION_CONDITIONS = DEBUG;
				SWIFT_OPTIMIZATION_LEVEL = "-Onone";
			};
			name = Debug;
		};
		FA832541224155A1009FB562 /* Release */ = {
			isa = XCBuildConfiguration;
			buildSettings = {
				ALWAYS_SEARCH_USER_PATHS = NO;
				CLANG_ANALYZER_NONNULL = YES;
				CLANG_ANALYZER_NUMBER_OBJECT_CONVERSION = YES_AGGRESSIVE;
				CLANG_CXX_LANGUAGE_STANDARD = "gnu++14";
				CLANG_CXX_LIBRARY = "libc++";
				CLANG_ENABLE_MODULES = YES;
				CLANG_ENABLE_OBJC_ARC = YES;
				CLANG_ENABLE_OBJC_WEAK = YES;
				CLANG_WARN_BLOCK_CAPTURE_AUTORELEASING = YES;
				CLANG_WARN_BOOL_CONVERSION = YES;
				CLANG_WARN_COMMA = YES;
				CLANG_WARN_CONSTANT_CONVERSION = YES;
				CLANG_WARN_DEPRECATED_OBJC_IMPLEMENTATIONS = YES;
				CLANG_WARN_DIRECT_OBJC_ISA_USAGE = YES_ERROR;
				CLANG_WARN_DOCUMENTATION_COMMENTS = YES;
				CLANG_WARN_EMPTY_BODY = YES;
				CLANG_WARN_ENUM_CONVERSION = YES;
				CLANG_WARN_INFINITE_RECURSION = YES;
				CLANG_WARN_INT_CONVERSION = YES;
				CLANG_WARN_NON_LITERAL_NULL_CONVERSION = YES;
				CLANG_WARN_OBJC_IMPLICIT_RETAIN_SELF = YES;
				CLANG_WARN_OBJC_LITERAL_CONVERSION = YES;
				CLANG_WARN_OBJC_ROOT_CLASS = YES_ERROR;
				CLANG_WARN_RANGE_LOOP_ANALYSIS = YES;
				CLANG_WARN_STRICT_PROTOTYPES = YES;
				CLANG_WARN_SUSPICIOUS_MOVE = YES;
				CLANG_WARN_UNGUARDED_AVAILABILITY = YES_AGGRESSIVE;
				CLANG_WARN_UNREACHABLE_CODE = YES;
				CLANG_WARN__DUPLICATE_METHOD_MATCH = YES;
				CODE_SIGN_IDENTITY = "iPhone Developer";
				COPY_PHASE_STRIP = NO;
				DEBUG_INFORMATION_FORMAT = "dwarf-with-dsym";
				ENABLE_NS_ASSERTIONS = NO;
				ENABLE_STRICT_OBJC_MSGSEND = YES;
				GCC_C_LANGUAGE_STANDARD = gnu11;
				GCC_NO_COMMON_BLOCKS = YES;
				GCC_WARN_64_TO_32_BIT_CONVERSION = YES;
				GCC_WARN_ABOUT_RETURN_TYPE = YES_ERROR;
				GCC_WARN_UNDECLARED_SELECTOR = YES;
				GCC_WARN_UNINITIALIZED_AUTOS = YES_AGGRESSIVE;
				GCC_WARN_UNUSED_FUNCTION = YES;
				GCC_WARN_UNUSED_VARIABLE = YES;
				IPHONEOS_DEPLOYMENT_TARGET = 12.1;
				MTL_ENABLE_DEBUG_INFO = NO;
				MTL_FAST_MATH = YES;
				SDKROOT = iphoneos;
				SWIFT_COMPILATION_MODE = wholemodule;
				SWIFT_OPTIMIZATION_LEVEL = "-O";
				VALIDATE_PRODUCT = YES;
			};
			name = Release;
		};
		FA832543224155A1009FB562 /* Debug */ = {
			isa = XCBuildConfiguration;
			baseConfigurationReference = B6133215F30EB75FCF1296AC /* Pods-FunClub.debug.xcconfig */;
			buildSettings = {
				ASSETCATALOG_COMPILER_APPICON_NAME = AppIcon;
				CODE_SIGN_STYLE = Automatic;
				DEVELOPMENT_TEAM = Z98T82KQNS;
				INFOPLIST_FILE = FunClub/Info.plist;
				LD_RUNPATH_SEARCH_PATHS = (
					"$(inherited)",
					"@executable_path/Frameworks",
				);
				PRODUCT_BUNDLE_IDENTIFIER = com.gamzerd.FunClub;
				PRODUCT_NAME = "$(TARGET_NAME)";
				SWIFT_VERSION = 4.2;
				TARGETED_DEVICE_FAMILY = "1,2";
			};
			name = Debug;
		};
		FA832544224155A1009FB562 /* Release */ = {
			isa = XCBuildConfiguration;
			baseConfigurationReference = 7B2B49CED266AC4010D8E88C /* Pods-FunClub.release.xcconfig */;
			buildSettings = {
				ASSETCATALOG_COMPILER_APPICON_NAME = AppIcon;
				CODE_SIGN_STYLE = Automatic;
				DEVELOPMENT_TEAM = Z98T82KQNS;
				INFOPLIST_FILE = FunClub/Info.plist;
				LD_RUNPATH_SEARCH_PATHS = (
					"$(inherited)",
					"@executable_path/Frameworks",
				);
				PRODUCT_BUNDLE_IDENTIFIER = com.gamzerd.FunClub;
				PRODUCT_NAME = "$(TARGET_NAME)";
				SWIFT_VERSION = 4.2;
				TARGETED_DEVICE_FAMILY = "1,2";
			};
			name = Release;
		};
		FA832546224155A1009FB562 /* Debug */ = {
			isa = XCBuildConfiguration;
			baseConfigurationReference = 7ED47496CD0167896C51DEC2 /* Pods-FunClubTests.debug.xcconfig */;
			buildSettings = {
				ALWAYS_EMBED_SWIFT_STANDARD_LIBRARIES = YES;
				BUNDLE_LOADER = "$(TEST_HOST)";
				CODE_SIGN_STYLE = Automatic;
				INFOPLIST_FILE = FunClubTests/Info.plist;
				LD_RUNPATH_SEARCH_PATHS = (
					"$(inherited)",
					"@executable_path/Frameworks",
					"@loader_path/Frameworks",
				);
				PRODUCT_BUNDLE_IDENTIFIER = com.gamzerd.FunClubTests;
				PRODUCT_NAME = "$(TARGET_NAME)";
				SWIFT_VERSION = 4.2;
				TARGETED_DEVICE_FAMILY = "1,2";
				TEST_HOST = "$(BUILT_PRODUCTS_DIR)/FunClub.app/FunClub";
			};
			name = Debug;
		};
		FA832547224155A1009FB562 /* Release */ = {
			isa = XCBuildConfiguration;
			baseConfigurationReference = F82E91E73E94DAFBE5E5F63D /* Pods-FunClubTests.release.xcconfig */;
			buildSettings = {
				ALWAYS_EMBED_SWIFT_STANDARD_LIBRARIES = YES;
				BUNDLE_LOADER = "$(TEST_HOST)";
				CODE_SIGN_STYLE = Automatic;
				INFOPLIST_FILE = FunClubTests/Info.plist;
				LD_RUNPATH_SEARCH_PATHS = (
					"$(inherited)",
					"@executable_path/Frameworks",
					"@loader_path/Frameworks",
				);
				PRODUCT_BUNDLE_IDENTIFIER = com.gamzerd.FunClubTests;
				PRODUCT_NAME = "$(TARGET_NAME)";
				SWIFT_VERSION = 4.2;
				TARGETED_DEVICE_FAMILY = "1,2";
				TEST_HOST = "$(BUILT_PRODUCTS_DIR)/FunClub.app/FunClub";
			};
			name = Release;
		};
/* End XCBuildConfiguration section */

/* Begin XCConfigurationList section */
		FA8325202241559C009FB562 /* Build configuration list for PBXProject "FunClub" */ = {
			isa = XCConfigurationList;
			buildConfigurations = (
				FA832540224155A1009FB562 /* Debug */,
				FA832541224155A1009FB562 /* Release */,
			);
			defaultConfigurationIsVisible = 0;
			defaultConfigurationName = Release;
		};
		FA832542224155A1009FB562 /* Build configuration list for PBXNativeTarget "FunClub" */ = {
			isa = XCConfigurationList;
			buildConfigurations = (
				FA832543224155A1009FB562 /* Debug */,
				FA832544224155A1009FB562 /* Release */,
			);
			defaultConfigurationIsVisible = 0;
			defaultConfigurationName = Release;
		};
		FA832545224155A1009FB562 /* Build configuration list for PBXNativeTarget "FunClubTests" */ = {
			isa = XCConfigurationList;
			buildConfigurations = (
				FA832546224155A1009FB562 /* Debug */,
				FA832547224155A1009FB562 /* Release */,
			);
			defaultConfigurationIsVisible = 0;
			defaultConfigurationName = Release;
		};
/* End XCConfigurationList section */
	};
	rootObject = FA83251D2241559C009FB562 /* Project object */;
}
